// !$*UTF8*$!
{
	archiveVersion = 1;
	classes = {
	};
	objectVersion = 48;
	objects = {

/* Begin PBXBuildFile section */
		338D3C5A204260BA00A43EE0 /* AppDelegate.swift in Sources */ = {isa = PBXBuildFile; fileRef = 338D3C59204260BA00A43EE0 /* AppDelegate.swift */; };
		338D3C5F204260BA00A43EE0 /* Main.storyboard in Resources */ = {isa = PBXBuildFile; fileRef = 338D3C5D204260BA00A43EE0 /* Main.storyboard */; };
		338D3C61204260BA00A43EE0 /* Assets.xcassets in Resources */ = {isa = PBXBuildFile; fileRef = 338D3C60204260BA00A43EE0 /* Assets.xcassets */; };
		338D3C64204260BA00A43EE0 /* LaunchScreen.storyboard in Resources */ = {isa = PBXBuildFile; fileRef = 338D3C62204260BA00A43EE0 /* LaunchScreen.storyboard */; };
		338D3C6F204260BB00A43EE0 /* AthenaHacksTests.swift in Sources */ = {isa = PBXBuildFile; fileRef = 338D3C6E204260BB00A43EE0 /* AthenaHacksTests.swift */; };
		338D3C7A204260BB00A43EE0 /* AthenaHacksUITests.swift in Sources */ = {isa = PBXBuildFile; fileRef = 338D3C79204260BB00A43EE0 /* AthenaHacksUITests.swift */; };
		338D3C8C204271EC00A43EE0 /* RecordViewController.swift in Sources */ = {isa = PBXBuildFile; fileRef = 338D3C8B204271EC00A43EE0 /* RecordViewController.swift */; };
		338D3C902042721800A43EE0 /* SettingsViewController.swift in Sources */ = {isa = PBXBuildFile; fileRef = 338D3C8F2042721800A43EE0 /* SettingsViewController.swift */; };
		338D3C942042726100A43EE0 /* MicrosoftClient.swift in Sources */ = {isa = PBXBuildFile; fileRef = 338D3C932042726100A43EE0 /* MicrosoftClient.swift */; };
		338D3C962042735800A43EE0 /* HistoryViewController.swift in Sources */ = {isa = PBXBuildFile; fileRef = 338D3C952042735800A43EE0 /* HistoryViewController.swift */; };
		33F96D7F2042AF8900167759 /* StatsViewController.swift in Sources */ = {isa = PBXBuildFile; fileRef = 33F96D7E2042AF8900167759 /* StatsViewController.swift */; };
		33F96D822042B5C700167759 /* Qualifiers.swift in Sources */ = {isa = PBXBuildFile; fileRef = 33F96D812042B5C700167759 /* Qualifiers.swift */; };
		33F96D842042BB3700167759 /* StatsCell.swift in Sources */ = {isa = PBXBuildFile; fileRef = 33F96D832042BB3700167759 /* StatsCell.swift */; };
		67EAF37A78E29BD0A4886F1D /* Pods_AthenaHacks.framework in Frameworks */ = {isa = PBXBuildFile; fileRef = 0C60BAEC5140129FF758463F /* Pods_AthenaHacks.framework */; };
		93605A562A6B232868EC6AB7 /* Pods_AthenaHacksUITests.framework in Frameworks */ = {isa = PBXBuildFile; fileRef = EA7E372BDF477C7CEC11F62D /* Pods_AthenaHacksUITests.framework */; };
		F07156C582BB3B3EFA2DFD66 /* Pods_AthenaHacksTests.framework in Frameworks */ = {isa = PBXBuildFile; fileRef = 78885924735B309160C99456 /* Pods_AthenaHacksTests.framework */; };
/* End PBXBuildFile section */

/* Begin PBXContainerItemProxy section */
		338D3C6B204260BB00A43EE0 /* PBXContainerItemProxy */ = {
			isa = PBXContainerItemProxy;
			containerPortal = 338D3C4E204260BA00A43EE0 /* Project object */;
			proxyType = 1;
			remoteGlobalIDString = 338D3C55204260BA00A43EE0;
			remoteInfo = AthenaHacks;
		};
		338D3C76204260BB00A43EE0 /* PBXContainerItemProxy */ = {
			isa = PBXContainerItemProxy;
			containerPortal = 338D3C4E204260BA00A43EE0 /* Project object */;
			proxyType = 1;
			remoteGlobalIDString = 338D3C55204260BA00A43EE0;
			remoteInfo = AthenaHacks;
		};
/* End PBXContainerItemProxy section */

/* Begin PBXFileReference section */
		0811D14F075BCDAE3B6CA40A /* Pods-AthenaHacks.release.xcconfig */ = {isa = PBXFileReference; includeInIndex = 1; lastKnownFileType = text.xcconfig; name = "Pods-AthenaHacks.release.xcconfig"; path = "Pods/Target Support Files/Pods-AthenaHacks/Pods-AthenaHacks.release.xcconfig"; sourceTree = "<group>"; };
		0C60BAEC5140129FF758463F /* Pods_AthenaHacks.framework */ = {isa = PBXFileReference; explicitFileType = wrapper.framework; includeInIndex = 0; path = Pods_AthenaHacks.framework; sourceTree = BUILT_PRODUCTS_DIR; };
		2D84B1E86748821E4168D0BB /* Pods-AthenaHacks.debug.xcconfig */ = {isa = PBXFileReference; includeInIndex = 1; lastKnownFileType = text.xcconfig; name = "Pods-AthenaHacks.debug.xcconfig"; path = "Pods/Target Support Files/Pods-AthenaHacks/Pods-AthenaHacks.debug.xcconfig"; sourceTree = "<group>"; };
		338D3C56204260BA00A43EE0 /* AthenaHacks.app */ = {isa = PBXFileReference; explicitFileType = wrapper.application; includeInIndex = 0; path = AthenaHacks.app; sourceTree = BUILT_PRODUCTS_DIR; };
		338D3C59204260BA00A43EE0 /* AppDelegate.swift */ = {isa = PBXFileReference; lastKnownFileType = sourcecode.swift; path = AppDelegate.swift; sourceTree = "<group>"; };
		338D3C5E204260BA00A43EE0 /* Base */ = {isa = PBXFileReference; lastKnownFileType = file.storyboard; name = Base; path = Base.lproj/Main.storyboard; sourceTree = "<group>"; };
		338D3C60204260BA00A43EE0 /* Assets.xcassets */ = {isa = PBXFileReference; lastKnownFileType = folder.assetcatalog; path = Assets.xcassets; sourceTree = "<group>"; };
		338D3C63204260BA00A43EE0 /* Base */ = {isa = PBXFileReference; lastKnownFileType = file.storyboard; name = Base; path = Base.lproj/LaunchScreen.storyboard; sourceTree = "<group>"; };
		338D3C65204260BA00A43EE0 /* Info.plist */ = {isa = PBXFileReference; lastKnownFileType = text.plist.xml; path = Info.plist; sourceTree = "<group>"; };
		338D3C6A204260BB00A43EE0 /* AthenaHacksTests.xctest */ = {isa = PBXFileReference; explicitFileType = wrapper.cfbundle; includeInIndex = 0; path = AthenaHacksTests.xctest; sourceTree = BUILT_PRODUCTS_DIR; };
		338D3C6E204260BB00A43EE0 /* AthenaHacksTests.swift */ = {isa = PBXFileReference; lastKnownFileType = sourcecode.swift; path = AthenaHacksTests.swift; sourceTree = "<group>"; };
		338D3C70204260BB00A43EE0 /* Info.plist */ = {isa = PBXFileReference; lastKnownFileType = text.plist.xml; path = Info.plist; sourceTree = "<group>"; };
		338D3C75204260BB00A43EE0 /* AthenaHacksUITests.xctest */ = {isa = PBXFileReference; explicitFileType = wrapper.cfbundle; includeInIndex = 0; path = AthenaHacksUITests.xctest; sourceTree = BUILT_PRODUCTS_DIR; };
		338D3C79204260BB00A43EE0 /* AthenaHacksUITests.swift */ = {isa = PBXFileReference; lastKnownFileType = sourcecode.swift; path = AthenaHacksUITests.swift; sourceTree = "<group>"; };
		338D3C7B204260BB00A43EE0 /* Info.plist */ = {isa = PBXFileReference; lastKnownFileType = text.plist.xml; path = Info.plist; sourceTree = "<group>"; };
		338D3C8B204271EC00A43EE0 /* RecordViewController.swift */ = {isa = PBXFileReference; lastKnownFileType = sourcecode.swift; path = RecordViewController.swift; sourceTree = "<group>"; };
		338D3C8F2042721800A43EE0 /* SettingsViewController.swift */ = {isa = PBXFileReference; lastKnownFileType = sourcecode.swift; path = SettingsViewController.swift; sourceTree = "<group>"; };
		338D3C932042726100A43EE0 /* MicrosoftClient.swift */ = {isa = PBXFileReference; lastKnownFileType = sourcecode.swift; path = MicrosoftClient.swift; sourceTree = "<group>"; };
		338D3C952042735800A43EE0 /* HistoryViewController.swift */ = {isa = PBXFileReference; lastKnownFileType = sourcecode.swift; path = HistoryViewController.swift; sourceTree = "<group>"; };
		33F96D7E2042AF8900167759 /* StatsViewController.swift */ = {isa = PBXFileReference; lastKnownFileType = sourcecode.swift; path = StatsViewController.swift; sourceTree = "<group>"; };
		33F96D812042B5C700167759 /* Qualifiers.swift */ = {isa = PBXFileReference; lastKnownFileType = sourcecode.swift; path = Qualifiers.swift; sourceTree = "<group>"; };
		33F96D832042BB3700167759 /* StatsCell.swift */ = {isa = PBXFileReference; lastKnownFileType = sourcecode.swift; path = StatsCell.swift; sourceTree = "<group>"; };
		6329369AA9A3FAECFA03F7AD /* Pods-AthenaHacksTests.release.xcconfig */ = {isa = PBXFileReference; includeInIndex = 1; lastKnownFileType = text.xcconfig; name = "Pods-AthenaHacksTests.release.xcconfig"; path = "Pods/Target Support Files/Pods-AthenaHacksTests/Pods-AthenaHacksTests.release.xcconfig"; sourceTree = "<group>"; };
		78885924735B309160C99456 /* Pods_AthenaHacksTests.framework */ = {isa = PBXFileReference; explicitFileType = wrapper.framework; includeInIndex = 0; path = Pods_AthenaHacksTests.framework; sourceTree = BUILT_PRODUCTS_DIR; };
		7E3226A341B1466BB834BE99 /* Pods-AthenaHacksUITests.release.xcconfig */ = {isa = PBXFileReference; includeInIndex = 1; lastKnownFileType = text.xcconfig; name = "Pods-AthenaHacksUITests.release.xcconfig"; path = "Pods/Target Support Files/Pods-AthenaHacksUITests/Pods-AthenaHacksUITests.release.xcconfig"; sourceTree = "<group>"; };
		CDE6BA9EBAFDBB6EB37AD47D /* Pods-AthenaHacksTests.debug.xcconfig */ = {isa = PBXFileReference; includeInIndex = 1; lastKnownFileType = text.xcconfig; name = "Pods-AthenaHacksTests.debug.xcconfig"; path = "Pods/Target Support Files/Pods-AthenaHacksTests/Pods-AthenaHacksTests.debug.xcconfig"; sourceTree = "<group>"; };
		EA7E372BDF477C7CEC11F62D /* Pods_AthenaHacksUITests.framework */ = {isa = PBXFileReference; explicitFileType = wrapper.framework; includeInIndex = 0; path = Pods_AthenaHacksUITests.framework; sourceTree = BUILT_PRODUCTS_DIR; };
		F0573768752BAA2BCC89763F /* Pods-AthenaHacksUITests.debug.xcconfig */ = {isa = PBXFileReference; includeInIndex = 1; lastKnownFileType = text.xcconfig; name = "Pods-AthenaHacksUITests.debug.xcconfig"; path = "Pods/Target Support Files/Pods-AthenaHacksUITests/Pods-AthenaHacksUITests.debug.xcconfig"; sourceTree = "<group>"; };
/* End PBXFileReference section */

/* Begin PBXFrameworksBuildPhase section */
		338D3C53204260BA00A43EE0 /* Frameworks */ = {
			isa = PBXFrameworksBuildPhase;
			buildActionMask = 2147483647;
			files = (
				67EAF37A78E29BD0A4886F1D /* Pods_AthenaHacks.framework in Frameworks */,
			);
			runOnlyForDeploymentPostprocessing = 0;
		};
		338D3C67204260BB00A43EE0 /* Frameworks */ = {
			isa = PBXFrameworksBuildPhase;
			buildActionMask = 2147483647;
			files = (
				F07156C582BB3B3EFA2DFD66 /* Pods_AthenaHacksTests.framework in Frameworks */,
			);
			runOnlyForDeploymentPostprocessing = 0;
		};
		338D3C72204260BB00A43EE0 /* Frameworks */ = {
			isa = PBXFrameworksBuildPhase;
			buildActionMask = 2147483647;
			files = (
				93605A562A6B232868EC6AB7 /* Pods_AthenaHacksUITests.framework in Frameworks */,
			);
			runOnlyForDeploymentPostprocessing = 0;
		};
/* End PBXFrameworksBuildPhase section */

/* Begin PBXGroup section */
		17EBF44AB591D0872CB537C6 /* Frameworks */ = {
			isa = PBXGroup;
			children = (
				0C60BAEC5140129FF758463F /* Pods_AthenaHacks.framework */,
				78885924735B309160C99456 /* Pods_AthenaHacksTests.framework */,
				EA7E372BDF477C7CEC11F62D /* Pods_AthenaHacksUITests.framework */,
			);
			name = Frameworks;
			sourceTree = "<group>";
		};
		1EEABD0654A7668D185F632D /* Pods */ = {
			isa = PBXGroup;
			children = (
				2D84B1E86748821E4168D0BB /* Pods-AthenaHacks.debug.xcconfig */,
				0811D14F075BCDAE3B6CA40A /* Pods-AthenaHacks.release.xcconfig */,
				CDE6BA9EBAFDBB6EB37AD47D /* Pods-AthenaHacksTests.debug.xcconfig */,
				6329369AA9A3FAECFA03F7AD /* Pods-AthenaHacksTests.release.xcconfig */,
				F0573768752BAA2BCC89763F /* Pods-AthenaHacksUITests.debug.xcconfig */,
				7E3226A341B1466BB834BE99 /* Pods-AthenaHacksUITests.release.xcconfig */,
			);
			name = Pods;
			sourceTree = "<group>";
		};
		338D3C4D204260BA00A43EE0 = {
			isa = PBXGroup;
			children = (
				338D3C58204260BA00A43EE0 /* AthenaHacks */,
				338D3C6D204260BB00A43EE0 /* AthenaHacksTests */,
				338D3C78204260BB00A43EE0 /* AthenaHacksUITests */,
				338D3C57204260BA00A43EE0 /* Products */,
				1EEABD0654A7668D185F632D /* Pods */,
				17EBF44AB591D0872CB537C6 /* Frameworks */,
			);
			sourceTree = "<group>";
		};
		338D3C57204260BA00A43EE0 /* Products */ = {
			isa = PBXGroup;
			children = (
				338D3C56204260BA00A43EE0 /* AthenaHacks.app */,
				338D3C6A204260BB00A43EE0 /* AthenaHacksTests.xctest */,
				338D3C75204260BB00A43EE0 /* AthenaHacksUITests.xctest */,
			);
			name = Products;
			sourceTree = "<group>";
		};
		338D3C58204260BA00A43EE0 /* AthenaHacks */ = {
			isa = PBXGroup;
			children = (
				338D3C59204260BA00A43EE0 /* AppDelegate.swift */,
				33F96D802042B5AF00167759 /* Models */,
				338D3C87204260E800A43EE0 /* API */,
				338D3C882042702C00A43EE0 /* View Controller */,
				338D3C5D204260BA00A43EE0 /* Main.storyboard */,
				338D3C60204260BA00A43EE0 /* Assets.xcassets */,
				338D3C62204260BA00A43EE0 /* LaunchScreen.storyboard */,
				338D3C65204260BA00A43EE0 /* Info.plist */,
			);
			path = AthenaHacks;
			sourceTree = "<group>";
		};
		338D3C6D204260BB00A43EE0 /* AthenaHacksTests */ = {
			isa = PBXGroup;
			children = (
				338D3C6E204260BB00A43EE0 /* AthenaHacksTests.swift */,
				338D3C70204260BB00A43EE0 /* Info.plist */,
			);
			path = AthenaHacksTests;
			sourceTree = "<group>";
		};
		338D3C78204260BB00A43EE0 /* AthenaHacksUITests */ = {
			isa = PBXGroup;
			children = (
				338D3C79204260BB00A43EE0 /* AthenaHacksUITests.swift */,
				338D3C7B204260BB00A43EE0 /* Info.plist */,
			);
			path = AthenaHacksUITests;
			sourceTree = "<group>";
		};
		338D3C87204260E800A43EE0 /* API */ = {
			isa = PBXGroup;
			children = (
				338D3C932042726100A43EE0 /* MicrosoftClient.swift */,
			);
			path = API;
			sourceTree = "<group>";
		};
		338D3C882042702C00A43EE0 /* View Controller */ = {
			isa = PBXGroup;
			children = (
				338D3C8B204271EC00A43EE0 /* RecordViewController.swift */,
				338D3C952042735800A43EE0 /* HistoryViewController.swift */,
				338D3C8F2042721800A43EE0 /* SettingsViewController.swift */,
				33F96D7E2042AF8900167759 /* StatsViewController.swift */,
			);
			path = "View Controller";
			sourceTree = "<group>";
		};
		33F96D802042B5AF00167759 /* Models */ = {
			isa = PBXGroup;
			children = (
				33F96D812042B5C700167759 /* Qualifiers.swift */,
				33F96D832042BB3700167759 /* StatsCell.swift */,
			);
			path = Models;
			sourceTree = "<group>";
		};
/* End PBXGroup section */

/* Begin PBXNativeTarget section */
		338D3C55204260BA00A43EE0 /* AthenaHacks */ = {
			isa = PBXNativeTarget;
			buildConfigurationList = 338D3C7E204260BB00A43EE0 /* Build configuration list for PBXNativeTarget "AthenaHacks" */;
			buildPhases = (
				997127E5B27E002A014A4BAD /* [CP] Check Pods Manifest.lock */,
				338D3C52204260BA00A43EE0 /* Sources */,
				338D3C53204260BA00A43EE0 /* Frameworks */,
				338D3C54204260BA00A43EE0 /* Resources */,
				C4E5075BC1F69A2B3BCEF362 /* [CP] Embed Pods Frameworks */,
				5107C14260F7F1162D00850D /* [CP] Copy Pods Resources */,
			);
			buildRules = (
			);
			dependencies = (
			);
			name = AthenaHacks;
			productName = AthenaHacks;
			productReference = 338D3C56204260BA00A43EE0 /* AthenaHacks.app */;
			productType = "com.apple.product-type.application";
		};
		338D3C69204260BB00A43EE0 /* AthenaHacksTests */ = {
			isa = PBXNativeTarget;
			buildConfigurationList = 338D3C81204260BB00A43EE0 /* Build configuration list for PBXNativeTarget "AthenaHacksTests" */;
			buildPhases = (
				A1352414F79137C0AAA7BC58 /* [CP] Check Pods Manifest.lock */,
				338D3C66204260BB00A43EE0 /* Sources */,
				338D3C67204260BB00A43EE0 /* Frameworks */,
				338D3C68204260BB00A43EE0 /* Resources */,
				1614B5466969E7801FA029B9 /* [CP] Embed Pods Frameworks */,
				61D9D3B4D5A05A28F322E1B5 /* [CP] Copy Pods Resources */,
			);
			buildRules = (
			);
			dependencies = (
				338D3C6C204260BB00A43EE0 /* PBXTargetDependency */,
			);
			name = AthenaHacksTests;
			productName = AthenaHacksTests;
			productReference = 338D3C6A204260BB00A43EE0 /* AthenaHacksTests.xctest */;
			productType = "com.apple.product-type.bundle.unit-test";
		};
		338D3C74204260BB00A43EE0 /* AthenaHacksUITests */ = {
			isa = PBXNativeTarget;
			buildConfigurationList = 338D3C84204260BB00A43EE0 /* Build configuration list for PBXNativeTarget "AthenaHacksUITests" */;
			buildPhases = (
				7D8B3884A674238A01D18316 /* [CP] Check Pods Manifest.lock */,
				338D3C71204260BB00A43EE0 /* Sources */,
				338D3C72204260BB00A43EE0 /* Frameworks */,
				338D3C73204260BB00A43EE0 /* Resources */,
				7DA5749DD13F9F56431D9B3D /* [CP] Embed Pods Frameworks */,
				FD63FCF4C323A671321F0119 /* [CP] Copy Pods Resources */,
			);
			buildRules = (
			);
			dependencies = (
				338D3C77204260BB00A43EE0 /* PBXTargetDependency */,
			);
			name = AthenaHacksUITests;
			productName = AthenaHacksUITests;
			productReference = 338D3C75204260BB00A43EE0 /* AthenaHacksUITests.xctest */;
			productType = "com.apple.product-type.bundle.ui-testing";
		};
/* End PBXNativeTarget section */

/* Begin PBXProject section */
		338D3C4E204260BA00A43EE0 /* Project object */ = {
			isa = PBXProject;
			attributes = {
				LastSwiftUpdateCheck = 0920;
				LastUpgradeCheck = 0920;
				ORGANIZATIONNAME = "Vinnie Chen";
				TargetAttributes = {
					338D3C55204260BA00A43EE0 = {
						CreatedOnToolsVersion = 9.2;
						ProvisioningStyle = Automatic;
					};
					338D3C69204260BB00A43EE0 = {
						CreatedOnToolsVersion = 9.2;
						ProvisioningStyle = Automatic;
						TestTargetID = 338D3C55204260BA00A43EE0;
					};
					338D3C74204260BB00A43EE0 = {
						CreatedOnToolsVersion = 9.2;
						ProvisioningStyle = Automatic;
						TestTargetID = 338D3C55204260BA00A43EE0;
					};
				};
			};
			buildConfigurationList = 338D3C51204260BA00A43EE0 /* Build configuration list for PBXProject "AthenaHacks" */;
			compatibilityVersion = "Xcode 8.0";
			developmentRegion = en;
			hasScannedForEncodings = 0;
			knownRegions = (
				en,
				Base,
			);
			mainGroup = 338D3C4D204260BA00A43EE0;
			productRefGroup = 338D3C57204260BA00A43EE0 /* Products */;
			projectDirPath = "";
			projectRoot = "";
			targets = (
				338D3C55204260BA00A43EE0 /* AthenaHacks */,
				338D3C69204260BB00A43EE0 /* AthenaHacksTests */,
				338D3C74204260BB00A43EE0 /* AthenaHacksUITests */,
			);
		};
/* End PBXProject section */

/* Begin PBXResourcesBuildPhase section */
		338D3C54204260BA00A43EE0 /* Resources */ = {
			isa = PBXResourcesBuildPhase;
			buildActionMask = 2147483647;
			files = (
				338D3C64204260BA00A43EE0 /* LaunchScreen.storyboard in Resources */,
				338D3C61204260BA00A43EE0 /* Assets.xcassets in Resources */,
				338D3C5F204260BA00A43EE0 /* Main.storyboard in Resources */,
			);
			runOnlyForDeploymentPostprocessing = 0;
		};
		338D3C68204260BB00A43EE0 /* Resources */ = {
			isa = PBXResourcesBuildPhase;
			buildActionMask = 2147483647;
			files = (
			);
			runOnlyForDeploymentPostprocessing = 0;
		};
		338D3C73204260BB00A43EE0 /* Resources */ = {
			isa = PBXResourcesBuildPhase;
			buildActionMask = 2147483647;
			files = (
			);
			runOnlyForDeploymentPostprocessing = 0;
		};
/* End PBXResourcesBuildPhase section */

/* Begin PBXShellScriptBuildPhase section */
		1614B5466969E7801FA029B9 /* [CP] Embed Pods Frameworks */ = {
			isa = PBXShellScriptBuildPhase;
			buildActionMask = 2147483647;
			files = (
			);
			inputPaths = (
			);
			name = "[CP] Embed Pods Frameworks";
			outputPaths = (
			);
			runOnlyForDeploymentPostprocessing = 0;
			shellPath = /bin/sh;
			shellScript = "\"${SRCROOT}/Pods/Target Support Files/Pods-AthenaHacksTests/Pods-AthenaHacksTests-frameworks.sh\"\n";
			showEnvVarsInLog = 0;
		};
		5107C14260F7F1162D00850D /* [CP] Copy Pods Resources */ = {
			isa = PBXShellScriptBuildPhase;
			buildActionMask = 2147483647;
			files = (
			);
			inputPaths = (
			);
			name = "[CP] Copy Pods Resources";
			outputPaths = (
			);
			runOnlyForDeploymentPostprocessing = 0;
			shellPath = /bin/sh;
			shellScript = "\"${SRCROOT}/Pods/Target Support Files/Pods-AthenaHacks/Pods-AthenaHacks-resources.sh\"\n";
			showEnvVarsInLog = 0;
		};
		61D9D3B4D5A05A28F322E1B5 /* [CP] Copy Pods Resources */ = {
			isa = PBXShellScriptBuildPhase;
			buildActionMask = 2147483647;
			files = (
			);
			inputPaths = (
			);
			name = "[CP] Copy Pods Resources";
			outputPaths = (
			);
			runOnlyForDeploymentPostprocessing = 0;
			shellPath = /bin/sh;
			shellScript = "\"${SRCROOT}/Pods/Target Support Files/Pods-AthenaHacksTests/Pods-AthenaHacksTests-resources.sh\"\n";
			showEnvVarsInLog = 0;
		};
		7D8B3884A674238A01D18316 /* [CP] Check Pods Manifest.lock */ = {
			isa = PBXShellScriptBuildPhase;
			buildActionMask = 2147483647;
			files = (
			);
			inputPaths = (
				"${PODS_PODFILE_DIR_PATH}/Podfile.lock",
				"${PODS_ROOT}/Manifest.lock",
			);
			name = "[CP] Check Pods Manifest.lock";
			outputPaths = (
				"$(DERIVED_FILE_DIR)/Pods-AthenaHacksUITests-checkManifestLockResult.txt",
			);
			runOnlyForDeploymentPostprocessing = 0;
			shellPath = /bin/sh;
			shellScript = "diff \"${PODS_PODFILE_DIR_PATH}/Podfile.lock\" \"${PODS_ROOT}/Manifest.lock\" > /dev/null\nif [ $? != 0 ] ; then\n    # print error to STDERR\n    echo \"error: The sandbox is not in sync with the Podfile.lock. Run 'pod install' or update your CocoaPods installation.\" >&2\n    exit 1\nfi\n# This output is used by Xcode 'outputs' to avoid re-running this script phase.\necho \"SUCCESS\" > \"${SCRIPT_OUTPUT_FILE_0}\"\n";
			showEnvVarsInLog = 0;
		};
		7DA5749DD13F9F56431D9B3D /* [CP] Embed Pods Frameworks */ = {
			isa = PBXShellScriptBuildPhase;
			buildActionMask = 2147483647;
			files = (
			);
			inputPaths = (
			);
			name = "[CP] Embed Pods Frameworks";
			outputPaths = (
			);
			runOnlyForDeploymentPostprocessing = 0;
			shellPath = /bin/sh;
			shellScript = "\"${SRCROOT}/Pods/Target Support Files/Pods-AthenaHacksUITests/Pods-AthenaHacksUITests-frameworks.sh\"\n";
			showEnvVarsInLog = 0;
		};
		997127E5B27E002A014A4BAD /* [CP] Check Pods Manifest.lock */ = {
			isa = PBXShellScriptBuildPhase;
			buildActionMask = 2147483647;
			files = (
			);
			inputPaths = (
				"${PODS_PODFILE_DIR_PATH}/Podfile.lock",
				"${PODS_ROOT}/Manifest.lock",
			);
			name = "[CP] Check Pods Manifest.lock";
			outputPaths = (
				"$(DERIVED_FILE_DIR)/Pods-AthenaHacks-checkManifestLockResult.txt",
			);
			runOnlyForDeploymentPostprocessing = 0;
			shellPath = /bin/sh;
			shellScript = "diff \"${PODS_PODFILE_DIR_PATH}/Podfile.lock\" \"${PODS_ROOT}/Manifest.lock\" > /dev/null\nif [ $? != 0 ] ; then\n    # print error to STDERR\n    echo \"error: The sandbox is not in sync with the Podfile.lock. Run 'pod install' or update your CocoaPods installation.\" >&2\n    exit 1\nfi\n# This output is used by Xcode 'outputs' to avoid re-running this script phase.\necho \"SUCCESS\" > \"${SCRIPT_OUTPUT_FILE_0}\"\n";
			showEnvVarsInLog = 0;
		};
		A1352414F79137C0AAA7BC58 /* [CP] Check Pods Manifest.lock */ = {
			isa = PBXShellScriptBuildPhase;
			buildActionMask = 2147483647;
			files = (
			);
			inputPaths = (
				"${PODS_PODFILE_DIR_PATH}/Podfile.lock",
				"${PODS_ROOT}/Manifest.lock",
			);
			name = "[CP] Check Pods Manifest.lock";
			outputPaths = (
				"$(DERIVED_FILE_DIR)/Pods-AthenaHacksTests-checkManifestLockResult.txt",
			);
			runOnlyForDeploymentPostprocessing = 0;
			shellPath = /bin/sh;
			shellScript = "diff \"${PODS_PODFILE_DIR_PATH}/Podfile.lock\" \"${PODS_ROOT}/Manifest.lock\" > /dev/null\nif [ $? != 0 ] ; then\n    # print error to STDERR\n    echo \"error: The sandbox is not in sync with the Podfile.lock. Run 'pod install' or update your CocoaPods installation.\" >&2\n    exit 1\nfi\n# This output is used by Xcode 'outputs' to avoid re-running this script phase.\necho \"SUCCESS\" > \"${SCRIPT_OUTPUT_FILE_0}\"\n";
			showEnvVarsInLog = 0;
		};
		C4E5075BC1F69A2B3BCEF362 /* [CP] Embed Pods Frameworks */ = {
			isa = PBXShellScriptBuildPhase;
			buildActionMask = 2147483647;
			files = (
			);
			inputPaths = (
				"${SRCROOT}/Pods/Target Support Files/Pods-AthenaHacks/Pods-AthenaHacks-frameworks.sh",
				"${BUILT_PRODUCTS_DIR}/AFNetworking/AFNetworking.framework",
				"${BUILT_PRODUCTS_DIR}/BDBOAuth1Manager/BDBOAuth1Manager.framework",
			);
			name = "[CP] Embed Pods Frameworks";
			outputPaths = (
				"${TARGET_BUILD_DIR}/${FRAMEWORKS_FOLDER_PATH}/AFNetworking.framework",
				"${TARGET_BUILD_DIR}/${FRAMEWORKS_FOLDER_PATH}/BDBOAuth1Manager.framework",
			);
			runOnlyForDeploymentPostprocessing = 0;
			shellPath = /bin/sh;
			shellScript = "\"${SRCROOT}/Pods/Target Support Files/Pods-AthenaHacks/Pods-AthenaHacks-frameworks.sh\"\n";
			showEnvVarsInLog = 0;
		};
		FD63FCF4C323A671321F0119 /* [CP] Copy Pods Resources */ = {
			isa = PBXShellScriptBuildPhase;
			buildActionMask = 2147483647;
			files = (
			);
			inputPaths = (
			);
			name = "[CP] Copy Pods Resources";
			outputPaths = (
			);
			runOnlyForDeploymentPostprocessing = 0;
			shellPath = /bin/sh;
			shellScript = "\"${SRCROOT}/Pods/Target Support Files/Pods-AthenaHacksUITests/Pods-AthenaHacksUITests-resources.sh\"\n";
			showEnvVarsInLog = 0;
		};
/* End PBXShellScriptBuildPhase section */

/* Begin PBXSourcesBuildPhase section */
		338D3C52204260BA00A43EE0 /* Sources */ = {
			isa = PBXSourcesBuildPhase;
			buildActionMask = 2147483647;
			files = (
				33F96D822042B5C700167759 /* Qualifiers.swift in Sources */,
				33F96D842042BB3700167759 /* StatsCell.swift in Sources */,
				338D3C8C204271EC00A43EE0 /* RecordViewController.swift in Sources */,
				338D3C5A204260BA00A43EE0 /* AppDelegate.swift in Sources */,
				338D3C902042721800A43EE0 /* SettingsViewController.swift in Sources */,
				338D3C962042735800A43EE0 /* HistoryViewController.swift in Sources */,
				33F96D7F2042AF8900167759 /* StatsViewController.swift in Sources */,
				338D3C942042726100A43EE0 /* MicrosoftClient.swift in Sources */,
			);
			runOnlyForDeploymentPostprocessing = 0;
		};
		338D3C66204260BB00A43EE0 /* Sources */ = {
			isa = PBXSourcesBuildPhase;
			buildActionMask = 2147483647;
			files = (
				338D3C6F204260BB00A43EE0 /* AthenaHacksTests.swift in Sources */,
			);
			runOnlyForDeploymentPostprocessing = 0;
		};
		338D3C71204260BB00A43EE0 /* Sources */ = {
			isa = PBXSourcesBuildPhase;
			buildActionMask = 2147483647;
			files = (
				338D3C7A204260BB00A43EE0 /* AthenaHacksUITests.swift in Sources */,
			);
			runOnlyForDeploymentPostprocessing = 0;
		};
/* End PBXSourcesBuildPhase section */

/* Begin PBXTargetDependency section */
		338D3C6C204260BB00A43EE0 /* PBXTargetDependency */ = {
			isa = PBXTargetDependency;
			target = 338D3C55204260BA00A43EE0 /* AthenaHacks */;
			targetProxy = 338D3C6B204260BB00A43EE0 /* PBXContainerItemProxy */;
		};
		338D3C77204260BB00A43EE0 /* PBXTargetDependency */ = {
			isa = PBXTargetDependency;
			target = 338D3C55204260BA00A43EE0 /* AthenaHacks */;
			targetProxy = 338D3C76204260BB00A43EE0 /* PBXContainerItemProxy */;
		};
/* End PBXTargetDependency section */

/* Begin PBXVariantGroup section */
		338D3C5D204260BA00A43EE0 /* Main.storyboard */ = {
			isa = PBXVariantGroup;
			children = (
				338D3C5E204260BA00A43EE0 /* Base */,
			);
			name = Main.storyboard;
			sourceTree = "<group>";
		};
		338D3C62204260BA00A43EE0 /* LaunchScreen.storyboard */ = {
			isa = PBXVariantGroup;
			children = (
				338D3C63204260BA00A43EE0 /* Base */,
			);
			name = LaunchScreen.storyboard;
			sourceTree = "<group>";
		};
/* End PBXVariantGroup section */

/* Begin XCBuildConfiguration section */
		338D3C7C204260BB00A43EE0 /* Debug */ = {
			isa = XCBuildConfiguration;
			buildSettings = {
				ALWAYS_SEARCH_USER_PATHS = NO;
				CLANG_ANALYZER_NONNULL = YES;
				CLANG_ANALYZER_NUMBER_OBJECT_CONVERSION = YES_AGGRESSIVE;
				CLANG_CXX_LANGUAGE_STANDARD = "gnu++14";
				CLANG_CXX_LIBRARY = "libc++";
				CLANG_ENABLE_MODULES = YES;
				CLANG_ENABLE_OBJC_ARC = YES;
				CLANG_WARN_BLOCK_CAPTURE_AUTORELEASING = YES;
				CLANG_WARN_BOOL_CONVERSION = YES;
				CLANG_WARN_COMMA = YES;
				CLANG_WARN_CONSTANT_CONVERSION = YES;
				CLANG_WARN_DIRECT_OBJC_ISA_USAGE = YES_ERROR;
				CLANG_WARN_DOCUMENTATION_COMMENTS = YES;
				CLANG_WARN_EMPTY_BODY = YES;
				CLANG_WARN_ENUM_CONVERSION = YES;
				CLANG_WARN_INFINITE_RECURSION = YES;
				CLANG_WARN_INT_CONVERSION = YES;
				CLANG_WARN_NON_LITERAL_NULL_CONVERSION = YES;
				CLANG_WARN_OBJC_LITERAL_CONVERSION = YES;
				CLANG_WARN_OBJC_ROOT_CLASS = YES_ERROR;
				CLANG_WARN_RANGE_LOOP_ANALYSIS = YES;
				CLANG_WARN_STRICT_PROTOTYPES = YES;
				CLANG_WARN_SUSPICIOUS_MOVE = YES;
				CLANG_WARN_UNGUARDED_AVAILABILITY = YES_AGGRESSIVE;
				CLANG_WARN_UNREACHABLE_CODE = YES;
				CLANG_WARN__DUPLICATE_METHOD_MATCH = YES;
				CODE_SIGN_IDENTITY = "iPhone Developer";
				COPY_PHASE_STRIP = NO;
				DEBUG_INFORMATION_FORMAT = dwarf;
				ENABLE_STRICT_OBJC_MSGSEND = YES;
				ENABLE_TESTABILITY = YES;
				GCC_C_LANGUAGE_STANDARD = gnu11;
				GCC_DYNAMIC_NO_PIC = NO;
				GCC_NO_COMMON_BLOCKS = YES;
				GCC_OPTIMIZATION_LEVEL = 0;
				GCC_PREPROCESSOR_DEFINITIONS = (
					"DEBUG=1",
					"$(inherited)",
				);
				GCC_WARN_64_TO_32_BIT_CONVERSION = YES;
				GCC_WARN_ABOUT_RETURN_TYPE = YES_ERROR;
				GCC_WARN_UNDECLARED_SELECTOR = YES;
				GCC_WARN_UNINITIALIZED_AUTOS = YES_AGGRESSIVE;
				GCC_WARN_UNUSED_FUNCTION = YES;
				GCC_WARN_UNUSED_VARIABLE = YES;
				IPHONEOS_DEPLOYMENT_TARGET = 11.2;
				MTL_ENABLE_DEBUG_INFO = YES;
				ONLY_ACTIVE_ARCH = YES;
				SDKROOT = iphoneos;
				SWIFT_ACTIVE_COMPILATION_CONDITIONS = DEBUG;
				SWIFT_OPTIMIZATION_LEVEL = "-Onone";
			};
			name = Debug;
		};
		338D3C7D204260BB00A43EE0 /* Release */ = {
			isa = XCBuildConfiguration;
			buildSettings = {
				ALWAYS_SEARCH_USER_PATHS = NO;
				CLANG_ANALYZER_NONNULL = YES;
				CLANG_ANALYZER_NUMBER_OBJECT_CONVERSION = YES_AGGRESSIVE;
				CLANG_CXX_LANGUAGE_STANDARD = "gnu++14";
				CLANG_CXX_LIBRARY = "libc++";
				CLANG_ENABLE_MODULES = YES;
				CLANG_ENABLE_OBJC_ARC = YES;
				CLANG_WARN_BLOCK_CAPTURE_AUTORELEASING = YES;
				CLANG_WARN_BOOL_CONVERSION = YES;
				CLANG_WARN_COMMA = YES;
				CLANG_WARN_CONSTANT_CONVERSION = YES;
				CLANG_WARN_DIRECT_OBJC_ISA_USAGE = YES_ERROR;
				CLANG_WARN_DOCUMENTATION_COMMENTS = YES;
				CLANG_WARN_EMPTY_BODY = YES;
				CLANG_WARN_ENUM_CONVERSION = YES;
				CLANG_WARN_INFINITE_RECURSION = YES;
				CLANG_WARN_INT_CONVERSION = YES;
				CLANG_WARN_NON_LITERAL_NULL_CONVERSION = YES;
				CLANG_WARN_OBJC_LITERAL_CONVERSION = YES;
				CLANG_WARN_OBJC_ROOT_CLASS = YES_ERROR;
				CLANG_WARN_RANGE_LOOP_ANALYSIS = YES;
				CLANG_WARN_STRICT_PROTOTYPES = YES;
				CLANG_WARN_SUSPICIOUS_MOVE = YES;
				CLANG_WARN_UNGUARDED_AVAILABILITY = YES_AGGRESSIVE;
				CLANG_WARN_UNREACHABLE_CODE = YES;
				CLANG_WARN__DUPLICATE_METHOD_MATCH = YES;
				CODE_SIGN_IDENTITY = "iPhone Developer";
				COPY_PHASE_STRIP = NO;
				DEBUG_INFORMATION_FORMAT = "dwarf-with-dsym";
				ENABLE_NS_ASSERTIONS = NO;
				ENABLE_STRICT_OBJC_MSGSEND = YES;
				GCC_C_LANGUAGE_STANDARD = gnu11;
				GCC_NO_COMMON_BLOCKS = YES;
				GCC_WARN_64_TO_32_BIT_CONVERSION = YES;
				GCC_WARN_ABOUT_RETURN_TYPE = YES_ERROR;
				GCC_WARN_UNDECLARED_SELECTOR = YES;
				GCC_WARN_UNINITIALIZED_AUTOS = YES_AGGRESSIVE;
				GCC_WARN_UNUSED_FUNCTION = YES;
				GCC_WARN_UNUSED_VARIABLE = YES;
				IPHONEOS_DEPLOYMENT_TARGET = 11.2;
				MTL_ENABLE_DEBUG_INFO = NO;
				SDKROOT = iphoneos;
				SWIFT_OPTIMIZATION_LEVEL = "-Owholemodule";
				VALIDATE_PRODUCT = YES;
			};
			name = Release;
		};
		338D3C7F204260BB00A43EE0 /* Debug */ = {
			isa = XCBuildConfiguration;
			baseConfigurationReference = 2D84B1E86748821E4168D0BB /* Pods-AthenaHacks.debug.xcconfig */;
			buildSettings = {
				ASSETCATALOG_COMPILER_APPICON_NAME = AppIcon;
				CODE_SIGN_STYLE = Automatic;
				DEVELOPMENT_TEAM = Y2ZU24E3BN;
				INFOPLIST_FILE = AthenaHacks/Info.plist;
				LD_RUNPATH_SEARCH_PATHS = "$(inherited) @executable_path/Frameworks";
				PRODUCT_BUNDLE_IDENTIFIER = Vinnie.AthenaHacks18;
				PRODUCT_NAME = "$(TARGET_NAME)";
				SWIFT_VERSION = 4.0;
				TARGETED_DEVICE_FAMILY = "1,2";
			};
			name = Debug;
		};
		338D3C80204260BB00A43EE0 /* Release */ = {
			isa = XCBuildConfiguration;
			baseConfigurationReference = 0811D14F075BCDAE3B6CA40A /* Pods-AthenaHacks.release.xcconfig */;
			buildSettings = {
				ASSETCATALOG_COMPILER_APPICON_NAME = AppIcon;
				CODE_SIGN_STYLE = Automatic;
				DEVELOPMENT_TEAM = Y2ZU24E3BN;
				INFOPLIST_FILE = AthenaHacks/Info.plist;
				LD_RUNPATH_SEARCH_PATHS = "$(inherited) @executable_path/Frameworks";
				PRODUCT_BUNDLE_IDENTIFIER = Vinnie.AthenaHacks18;
				PRODUCT_NAME = "$(TARGET_NAME)";
				SWIFT_VERSION = 4.0;
				TARGETED_DEVICE_FAMILY = "1,2";
			};
			name = Release;
		};
		338D3C82204260BB00A43EE0 /* Debug */ = {
			isa = XCBuildConfiguration;
			baseConfigurationReference = CDE6BA9EBAFDBB6EB37AD47D /* Pods-AthenaHacksTests.debug.xcconfig */;
			buildSettings = {
				ALWAYS_EMBED_SWIFT_STANDARD_LIBRARIES = YES;
				BUNDLE_LOADER = "$(TEST_HOST)";
				CODE_SIGN_STYLE = Automatic;
				DEVELOPMENT_TEAM = Y2ZU24E3BN;
				INFOPLIST_FILE = AthenaHacksTests/Info.plist;
				LD_RUNPATH_SEARCH_PATHS = "$(inherited) @executable_path/Frameworks @loader_path/Frameworks";
				PRODUCT_BUNDLE_IDENTIFIER = Vinnie.AthenaHacksTests;
				PRODUCT_NAME = "$(TARGET_NAME)";
				SWIFT_VERSION = 4.0;
				TARGETED_DEVICE_FAMILY = "1,2";
				TEST_HOST = "$(BUILT_PRODUCTS_DIR)/AthenaHacks.app/AthenaHacks";
			};
			name = Debug;
		};
		338D3C83204260BB00A43EE0 /* Release */ = {
			isa = XCBuildConfiguration;
			baseConfigurationReference = 6329369AA9A3FAECFA03F7AD /* Pods-AthenaHacksTests.release.xcconfig */;
			buildSettings = {
				ALWAYS_EMBED_SWIFT_STANDARD_LIBRARIES = YES;
				BUNDLE_LOADER = "$(TEST_HOST)";
				CODE_SIGN_STYLE = Automatic;
				DEVELOPMENT_TEAM = Y2ZU24E3BN;
				INFOPLIST_FILE = AthenaHacksTests/Info.plist;
				LD_RUNPATH_SEARCH_PATHS = "$(inherited) @executable_path/Frameworks @loader_path/Frameworks";
				PRODUCT_BUNDLE_IDENTIFIER = Vinnie.AthenaHacksTests;
				PRODUCT_NAME = "$(TARGET_NAME)";
				SWIFT_VERSION = 4.0;
				TARGETED_DEVICE_FAMILY = "1,2";
				TEST_HOST = "$(BUILT_PRODUCTS_DIR)/AthenaHacks.app/AthenaHacks";
			};
			name = Release;
		};
		338D3C85204260BB00A43EE0 /* Debug */ = {
			isa = XCBuildConfiguration;
			baseConfigurationReference = F0573768752BAA2BCC89763F /* Pods-AthenaHacksUITests.debug.xcconfig */;
			buildSettings = {
				ALWAYS_EMBED_SWIFT_STANDARD_LIBRARIES = YES;
				CODE_SIGN_STYLE = Automatic;
				DEVELOPMENT_TEAM = Y2ZU24E3BN;
				INFOPLIST_FILE = AthenaHacksUITests/Info.plist;
				LD_RUNPATH_SEARCH_PATHS = "$(inherited) @executable_path/Frameworks @loader_path/Frameworks";
				PRODUCT_BUNDLE_IDENTIFIER = Vinnie.AthenaHacksUITests;
				PRODUCT_NAME = "$(TARGET_NAME)";
				SWIFT_VERSION = 4.0;
				TARGETED_DEVICE_FAMILY = "1,2";
				TEST_TARGET_NAME = AthenaHacks;
			};
			name = Debug;
		};
		338D3C86204260BB00A43EE0 /* Release */ = {
			isa = XCBuildConfiguration;
			baseConfigurationReference = 7E3226A341B1466BB834BE99 /* Pods-AthenaHacksUITests.release.xcconfig */;
			buildSettings = {
				ALWAYS_EMBED_SWIFT_STANDARD_LIBRARIES = YES;
				CODE_SIGN_STYLE = Automatic;
				DEVELOPMENT_TEAM = Y2ZU24E3BN;
				INFOPLIST_FILE = AthenaHacksUITests/Info.plist;
				LD_RUNPATH_SEARCH_PATHS = "$(inherited) @executable_path/Frameworks @loader_path/Frameworks";
				PRODUCT_BUNDLE_IDENTIFIER = Vinnie.AthenaHacksUITests;
				PRODUCT_NAME = "$(TARGET_NAME)";
				SWIFT_VERSION = 4.0;
				TARGETED_DEVICE_FAMILY = "1,2";
				TEST_TARGET_NAME = AthenaHacks;
			};
			name = Release;
		};
/* End XCBuildConfiguration section */

/* Begin XCConfigurationList section */
		338D3C51204260BA00A43EE0 /* Build configuration list for PBXProject "AthenaHacks" */ = {
			isa = XCConfigurationList;
			buildConfigurations = (
				338D3C7C204260BB00A43EE0 /* Debug */,
				338D3C7D204260BB00A43EE0 /* Release */,
			);
			defaultConfigurationIsVisible = 0;
			defaultConfigurationName = Release;
		};
		338D3C7E204260BB00A43EE0 /* Build configuration list for PBXNativeTarget "AthenaHacks" */ = {
			isa = XCConfigurationList;
			buildConfigurations = (
				338D3C7F204260BB00A43EE0 /* Debug */,
				338D3C80204260BB00A43EE0 /* Release */,
			);
			defaultConfigurationIsVisible = 0;
			defaultConfigurationName = Release;
		};
		338D3C81204260BB00A43EE0 /* Build configuration list for PBXNativeTarget "AthenaHacksTests" */ = {
			isa = XCConfigurationList;
			buildConfigurations = (
				338D3C82204260BB00A43EE0 /* Debug */,
				338D3C83204260BB00A43EE0 /* Release */,
			);
			defaultConfigurationIsVisible = 0;
			defaultConfigurationName = Release;
		};
		338D3C84204260BB00A43EE0 /* Build configuration list for PBXNativeTarget "AthenaHacksUITests" */ = {
			isa = XCConfigurationList;
			buildConfigurations = (
				338D3C85204260BB00A43EE0 /* Debug */,
				338D3C86204260BB00A43EE0 /* Release */,
			);
			defaultConfigurationIsVisible = 0;
			defaultConfigurationName = Release;
		};
/* End XCConfigurationList section */
	};
	rootObject = 338D3C4E204260BA00A43EE0 /* Project object */;
}
