// !$*UTF8*$!
{
	archiveVersion = 1;
	classes = {
	};
	objectVersion = 48;
	objects = {

/* Begin PBXBuildFile section */
		338D3C5A204260BA00A43EE0 /* AppDelegate.swift in Sources */ = {isa = PBXBuildFile; fileRef = 338D3C59204260BA00A43EE0 /* AppDelegate.swift */; };
		338D3C5C204260BA00A43EE0 /* ViewController.swift in Sources */ = {isa = PBXBuildFile; fileRef = 338D3C5B204260BA00A43EE0 /* ViewController.swift */; };
		338D3C5F204260BA00A43EE0 /* Main.storyboard in Resources */ = {isa = PBXBuildFile; fileRef = 338D3C5D204260BA00A43EE0 /* Main.storyboard */; };
		338D3C61204260BA00A43EE0 /* Assets.xcassets in Resources */ = {isa = PBXBuildFile; fileRef = 338D3C60204260BA00A43EE0 /* Assets.xcassets */; };
		338D3C64204260BA00A43EE0 /* LaunchScreen.storyboard in Resources */ = {isa = PBXBuildFile; fileRef = 338D3C62204260BA00A43EE0 /* LaunchScreen.storyboard */; };
		338D3C6F204260BB00A43EE0 /* AthenaHacksTests.swift in Sources */ = {isa = PBXBuildFile; fileRef = 338D3C6E204260BB00A43EE0 /* AthenaHacksTests.swift */; };
		338D3C7A204260BB00A43EE0 /* AthenaHacksUITests.swift in Sources */ = {isa = PBXBuildFile; fileRef = 338D3C79204260BB00A43EE0 /* AthenaHacksUITests.swift */; };
/* End PBXBuildFile section */

/* Begin PBXContainerItemProxy section */
		338D3C6B204260BB00A43EE0 /* PBXContainerItemProxy */ = {
			isa = PBXContainerItemProxy;
			containerPortal = 338D3C4E204260BA00A43EE0 /* Project object */;
			proxyType = 1;
			remoteGlobalIDString = 338D3C55204260BA00A43EE0;
			remoteInfo = AthenaHacks;
		};
		338D3C76204260BB00A43EE0 /* PBXContainerItemProxy */ = {
			isa = PBXContainerItemProxy;
			containerPortal = 338D3C4E204260BA00A43EE0 /* Project object */;
			proxyType = 1;
			remoteGlobalIDString = 338D3C55204260BA00A43EE0;
			remoteInfo = AthenaHacks;
		};
/* End PBXContainerItemProxy section */

/* Begin PBXFileReference section */
		338D3C56204260BA00A43EE0 /* AthenaHacks.app */ = {isa = PBXFileReference; explicitFileType = wrapper.application; includeInIndex = 0; path = AthenaHacks.app; sourceTree = BUILT_PRODUCTS_DIR; };
		338D3C59204260BA00A43EE0 /* AppDelegate.swift */ = {isa = PBXFileReference; lastKnownFileType = sourcecode.swift; path = AppDelegate.swift; sourceTree = "<group>"; };
		338D3C5B204260BA00A43EE0 /* ViewController.swift */ = {isa = PBXFileReference; lastKnownFileType = sourcecode.swift; path = ViewController.swift; sourceTree = "<group>"; };
		338D3C5E204260BA00A43EE0 /* Base */ = {isa = PBXFileReference; lastKnownFileType = file.storyboard; name = Base; path = Base.lproj/Main.storyboard; sourceTree = "<group>"; };
		338D3C60204260BA00A43EE0 /* Assets.xcassets */ = {isa = PBXFileReference; lastKnownFileType = folder.assetcatalog; path = Assets.xcassets; sourceTree = "<group>"; };
		338D3C63204260BA00A43EE0 /* Base */ = {isa = PBXFileReference; lastKnownFileType = file.storyboard; name = Base; path = Base.lproj/LaunchScreen.storyboard; sourceTree = "<group>"; };
		338D3C65204260BA00A43EE0 /* Info.plist */ = {isa = PBXFileReference; lastKnownFileType = text.plist.xml; path = Info.plist; sourceTree = "<group>"; };
		338D3C6A204260BB00A43EE0 /* AthenaHacksTests.xctest */ = {isa = PBXFileReference; explicitFileType = wrapper.cfbundle; includeInIndex = 0; path = AthenaHacksTests.xctest; sourceTree = BUILT_PRODUCTS_DIR; };
		338D3C6E204260BB00A43EE0 /* AthenaHacksTests.swift */ = {isa = PBXFileReference; lastKnownFileType = sourcecode.swift; path = AthenaHacksTests.swift; sourceTree = "<group>"; };
		338D3C70204260BB00A43EE0 /* Info.plist */ = {isa = PBXFileReference; lastKnownFileType = text.plist.xml; path = Info.plist; sourceTree = "<group>"; };
		338D3C75204260BB00A43EE0 /* AthenaHacksUITests.xctest */ = {isa = PBXFileReference; explicitFileType = wrapper.cfbundle; includeInIndex = 0; path = AthenaHacksUITests.xctest; sourceTree = BUILT_PRODUCTS_DIR; };
		338D3C79204260BB00A43EE0 /* AthenaHacksUITests.swift */ = {isa = PBXFileReference; lastKnownFileType = sourcecode.swift; path = AthenaHacksUITests.swift; sourceTree = "<group>"; };
		338D3C7B204260BB00A43EE0 /* Info.plist */ = {isa = PBXFileReference; lastKnownFileType = text.plist.xml; path = Info.plist; sourceTree = "<group>"; };
/* End PBXFileReference section */

/* Begin PBXFrameworksBuildPhase section */
		338D3C53204260BA00A43EE0 /* Frameworks */ = {
			isa = PBXFrameworksBuildPhase;
			buildActionMask = 2147483647;
			files = (
			);
			runOnlyForDeploymentPostprocessing = 0;
		};
		338D3C67204260BB00A43EE0 /* Frameworks */ = {
			isa = PBXFrameworksBuildPhase;
			buildActionMask = 2147483647;
			files = (
			);
			runOnlyForDeploymentPostprocessing = 0;
		};
		338D3C72204260BB00A43EE0 /* Frameworks */ = {
			isa = PBXFrameworksBuildPhase;
			buildActionMask = 2147483647;
			files = (
			);
			runOnlyForDeploymentPostprocessing = 0;
		};
/* End PBXFrameworksBuildPhase section */

/* Begin PBXGroup section */
		338D3C4D204260BA00A43EE0 = {
			isa = PBXGroup;
			children = (
				338D3C58204260BA00A43EE0 /* AthenaHacks */,
				338D3C6D204260BB00A43EE0 /* AthenaHacksTests */,
				338D3C78204260BB00A43EE0 /* AthenaHacksUITests */,
				338D3C57204260BA00A43EE0 /* Products */,
			);
			sourceTree = "<group>";
		};
		338D3C57204260BA00A43EE0 /* Products */ = {
			isa = PBXGroup;
			children = (
				338D3C56204260BA00A43EE0 /* AthenaHacks.app */,
				338D3C6A204260BB00A43EE0 /* AthenaHacksTests.xctest */,
				338D3C75204260BB00A43EE0 /* AthenaHacksUITests.xctest */,
			);
			name = Products;
			sourceTree = "<group>";
		};
		338D3C58204260BA00A43EE0 /* AthenaHacks */ = {
			isa = PBXGroup;
			children = (
				338D3C59204260BA00A43EE0 /* AppDelegate.swift */,
				338D3C5B204260BA00A43EE0 /* ViewController.swift */,
				338D3C5D204260BA00A43EE0 /* Main.storyboard */,
				338D3C60204260BA00A43EE0 /* Assets.xcassets */,
				338D3C62204260BA00A43EE0 /* LaunchScreen.storyboard */,
				338D3C65204260BA00A43EE0 /* Info.plist */,
			);
			path = AthenaHacks;
			sourceTree = "<group>";
		};
		338D3C6D204260BB00A43EE0 /* AthenaHacksTests */ = {
			isa = PBXGroup;
			children = (
				338D3C6E204260BB00A43EE0 /* AthenaHacksTests.swift */,
				338D3C70204260BB00A43EE0 /* Info.plist */,
			);
			path = AthenaHacksTests;
			sourceTree = "<group>";
		};
		338D3C78204260BB00A43EE0 /* AthenaHacksUITests */ = {
			isa = PBXGroup;
			children = (
				338D3C79204260BB00A43EE0 /* AthenaHacksUITests.swift */,
				338D3C7B204260BB00A43EE0 /* Info.plist */,
			);
			path = AthenaHacksUITests;
			sourceTree = "<group>";
		};
/* End PBXGroup section */

/* Begin PBXNativeTarget section */
		338D3C55204260BA00A43EE0 /* AthenaHacks */ = {
			isa = PBXNativeTarget;
			buildConfigurationList = 338D3C7E204260BB00A43EE0 /* Build configuration list for PBXNativeTarget "AthenaHacks" */;
			buildPhases = (
				338D3C52204260BA00A43EE0 /* Sources */,
				338D3C53204260BA00A43EE0 /* Frameworks */,
				338D3C54204260BA00A43EE0 /* Resources */,
			);
			buildRules = (
			);
			dependencies = (
			);
			name = AthenaHacks;
			productName = AthenaHacks;
			productReference = 338D3C56204260BA00A43EE0 /* AthenaHacks.app */;
			productType = "com.apple.product-type.application";
		};
		338D3C69204260BB00A43EE0 /* AthenaHacksTests */ = {
			isa = PBXNativeTarget;
			buildConfigurationList = 338D3C81204260BB00A43EE0 /* Build configuration list for PBXNativeTarget "AthenaHacksTests" */;
			buildPhases = (
				338D3C66204260BB00A43EE0 /* Sources */,
				338D3C67204260BB00A43EE0 /* Frameworks */,
				338D3C68204260BB00A43EE0 /* Resources */,
			);
			buildRules = (
			);
			dependencies = (
				338D3C6C204260BB00A43EE0 /* PBXTargetDependency */,
			);
			name = AthenaHacksTests;
			productName = AthenaHacksTests;
			productReference = 338D3C6A204260BB00A43EE0 /* AthenaHacksTests.xctest */;
			productType = "com.apple.product-type.bundle.unit-test";
		};
		338D3C74204260BB00A43EE0 /* AthenaHacksUITests */ = {
			isa = PBXNativeTarget;
			buildConfigurationList = 338D3C84204260BB00A43EE0 /* Build configuration list for PBXNativeTarget "AthenaHacksUITests" */;
			buildPhases = (
				338D3C71204260BB00A43EE0 /* Sources */,
				338D3C72204260BB00A43EE0 /* Frameworks */,
				338D3C73204260BB00A43EE0 /* Resources */,
			);
			buildRules = (
			);
			dependencies = (
				338D3C77204260BB00A43EE0 /* PBXTargetDependency */,
			);
			name = AthenaHacksUITests;
			productName = AthenaHacksUITests;
			productReference = 338D3C75204260BB00A43EE0 /* AthenaHacksUITests.xctest */;
			productType = "com.apple.product-type.bundle.ui-testing";
		};
/* End PBXNativeTarget section */

/* Begin PBXProject section */
		338D3C4E204260BA00A43EE0 /* Project object */ = {
			isa = PBXProject;
			attributes = {
				LastSwiftUpdateCheck = 0920;
				LastUpgradeCheck = 0920;
				ORGANIZATIONNAME = "Vinnie Chen";
				TargetAttributes = {
					338D3C55204260BA00A43EE0 = {
						CreatedOnToolsVersion = 9.2;
						ProvisioningStyle = Automatic;
					};
					338D3C69204260BB00A43EE0 = {
						CreatedOnToolsVersion = 9.2;
						ProvisioningStyle = Automatic;
						TestTargetID = 338D3C55204260BA00A43EE0;
					};
					338D3C74204260BB00A43EE0 = {
						CreatedOnToolsVersion = 9.2;
						ProvisioningStyle = Automatic;
						TestTargetID = 338D3C55204260BA00A43EE0;
					};
				};
			};
			buildConfigurationList = 338D3C51204260BA00A43EE0 /* Build configuration list for PBXProject "AthenaHacks" */;
			compatibilityVersion = "Xcode 8.0";
			developmentRegion = en;
			hasScannedForEncodings = 0;
			knownRegions = (
				en,
				Base,
			);
			mainGroup = 338D3C4D204260BA00A43EE0;
			productRefGroup = 338D3C57204260BA00A43EE0 /* Products */;
			projectDirPath = "";
			projectRoot = "";
			targets = (
				338D3C55204260BA00A43EE0 /* AthenaHacks */,
				338D3C69204260BB00A43EE0 /* AthenaHacksTests */,
				338D3C74204260BB00A43EE0 /* AthenaHacksUITests */,
			);
		};
/* End PBXProject section */

/* Begin PBXResourcesBuildPhase section */
		338D3C54204260BA00A43EE0 /* Resources */ = {
			isa = PBXResourcesBuildPhase;
			buildActionMask = 2147483647;
			files = (
				338D3C64204260BA00A43EE0 /* LaunchScreen.storyboard in Resources */,
				338D3C61204260BA00A43EE0 /* Assets.xcassets in Resources */,
				338D3C5F204260BA00A43EE0 /* Main.storyboard in Resources */,
			);
			runOnlyForDeploymentPostprocessing = 0;
		};
		338D3C68204260BB00A43EE0 /* Resources */ = {
			isa = PBXResourcesBuildPhase;
			buildActionMask = 2147483647;
			files = (
			);
			runOnlyForDeploymentPostprocessing = 0;
		};
		338D3C73204260BB00A43EE0 /* Resources */ = {
			isa = PBXResourcesBuildPhase;
			buildActionMask = 2147483647;
			files = (
			);
			runOnlyForDeploymentPostprocessing = 0;
		};
/* End PBXResourcesBuildPhase section */

/* Begin PBXSourcesBuildPhase section */
		338D3C52204260BA00A43EE0 /* Sources */ = {
			isa = PBXSourcesBuildPhase;
			buildActionMask = 2147483647;
			files = (
				338D3C5C204260BA00A43EE0 /* ViewController.swift in Sources */,
				338D3C5A204260BA00A43EE0 /* AppDelegate.swift in Sources */,
			);
			runOnlyForDeploymentPostprocessing = 0;
		};
		338D3C66204260BB00A43EE0 /* Sources */ = {
			isa = PBXSourcesBuildPhase;
			buildActionMask = 2147483647;
			files = (
				338D3C6F204260BB00A43EE0 /* AthenaHacksTests.swift in Sources */,
			);
			runOnlyForDeploymentPostprocessing = 0;
		};
		338D3C71204260BB00A43EE0 /* Sources */ = {
			isa = PBXSourcesBuildPhase;
			buildActionMask = 2147483647;
			files = (
				338D3C7A204260BB00A43EE0 /* AthenaHacksUITests.swift in Sources */,
			);
			runOnlyForDeploymentPostprocessing = 0;
		};
/* End PBXSourcesBuildPhase section */

/* Begin PBXTargetDependency section */
		338D3C6C204260BB00A43EE0 /* PBXTargetDependency */ = {
			isa = PBXTargetDependency;
			target = 338D3C55204260BA00A43EE0 /* AthenaHacks */;
			targetProxy = 338D3C6B204260BB00A43EE0 /* PBXContainerItemProxy */;
		};
		338D3C77204260BB00A43EE0 /* PBXTargetDependency */ = {
			isa = PBXTargetDependency;
			target = 338D3C55204260BA00A43EE0 /* AthenaHacks */;
			targetProxy = 338D3C76204260BB00A43EE0 /* PBXContainerItemProxy */;
		};
/* End PBXTargetDependency section */

/* Begin PBXVariantGroup section */
		338D3C5D204260BA00A43EE0 /* Main.storyboard */ = {
			isa = PBXVariantGroup;
			children = (
				338D3C5E204260BA00A43EE0 /* Base */,
			);
			name = Main.storyboard;
			sourceTree = "<group>";
		};
		338D3C62204260BA00A43EE0 /* LaunchScreen.storyboard */ = {
			isa = PBXVariantGroup;
			children = (
				338D3C63204260BA00A43EE0 /* Base */,
			);
			name = LaunchScreen.storyboard;
			sourceTree = "<group>";
		};
/* End PBXVariantGroup section */

/* Begin XCBuildConfiguration section */
		338D3C7C204260BB00A43EE0 /* Debug */ = {
			isa = XCBuildConfiguration;
			buildSettings = {
				ALWAYS_SEARCH_USER_PATHS = NO;
				CLANG_ANALYZER_NONNULL = YES;
				CLANG_ANALYZER_NUMBER_OBJECT_CONVERSION = YES_AGGRESSIVE;
				CLANG_CXX_LANGUAGE_STANDARD = "gnu++14";
				CLANG_CXX_LIBRARY = "libc++";
				CLANG_ENABLE_MODULES = YES;
				CLANG_ENABLE_OBJC_ARC = YES;
				CLANG_WARN_BLOCK_CAPTURE_AUTORELEASING = YES;
				CLANG_WARN_BOOL_CONVERSION = YES;
				CLANG_WARN_COMMA = YES;
				CLANG_WARN_CONSTANT_CONVERSION = YES;
				CLANG_WARN_DIRECT_OBJC_ISA_USAGE = YES_ERROR;
				CLANG_WARN_DOCUMENTATION_COMMENTS = YES;
				CLANG_WARN_EMPTY_BODY = YES;
				CLANG_WARN_ENUM_CONVERSION = YES;
				CLANG_WARN_INFINITE_RECURSION = YES;
				CLANG_WARN_INT_CONVERSION = YES;
				CLANG_WARN_NON_LITERAL_NULL_CONVERSION = YES;
				CLANG_WARN_OBJC_LITERAL_CONVERSION = YES;
				CLANG_WARN_OBJC_ROOT_CLASS = YES_ERROR;
				CLANG_WARN_RANGE_LOOP_ANALYSIS = YES;
				CLANG_WARN_STRICT_PROTOTYPES = YES;
				CLANG_WARN_SUSPICIOUS_MOVE = YES;
				CLANG_WARN_UNGUARDED_AVAILABILITY = YES_AGGRESSIVE;
				CLANG_WARN_UNREACHABLE_CODE = YES;
				CLANG_WARN__DUPLICATE_METHOD_MATCH = YES;
				CODE_SIGN_IDENTITY = "iPhone Developer";
				COPY_PHASE_STRIP = NO;
				DEBUG_INFORMATION_FORMAT = dwarf;
				ENABLE_STRICT_OBJC_MSGSEND = YES;
				ENABLE_TESTABILITY = YES;
				GCC_C_LANGUAGE_STANDARD = gnu11;
				GCC_DYNAMIC_NO_PIC = NO;
				GCC_NO_COMMON_BLOCKS = YES;
				GCC_OPTIMIZATION_LEVEL = 0;
				GCC_PREPROCESSOR_DEFINITIONS = (
					"DEBUG=1",
					"$(inherited)",
				);
				GCC_WARN_64_TO_32_BIT_CONVERSION = YES;
				GCC_WARN_ABOUT_RETURN_TYPE = YES_ERROR;
				GCC_WARN_UNDECLARED_SELECTOR = YES;
				GCC_WARN_UNINITIALIZED_AUTOS = YES_AGGRESSIVE;
				GCC_WARN_UNUSED_FUNCTION = YES;
				GCC_WARN_UNUSED_VARIABLE = YES;
				IPHONEOS_DEPLOYMENT_TARGET = 11.2;
				MTL_ENABLE_DEBUG_INFO = YES;
				ONLY_ACTIVE_ARCH = YES;
				SDKROOT = iphoneos;
				SWIFT_ACTIVE_COMPILATION_CONDITIONS = DEBUG;
				SWIFT_OPTIMIZATION_LEVEL = "-Onone";
			};
			name = Debug;
		};
		338D3C7D204260BB00A43EE0 /* Release */ = {
			isa = XCBuildConfiguration;
			buildSettings = {
				ALWAYS_SEARCH_USER_PATHS = NO;
				CLANG_ANALYZER_NONNULL = YES;
				CLANG_ANALYZER_NUMBER_OBJECT_CONVERSION = YES_AGGRESSIVE;
				CLANG_CXX_LANGUAGE_STANDARD = "gnu++14";
				CLANG_CXX_LIBRARY = "libc++";
				CLANG_ENABLE_MODULES = YES;
				CLANG_ENABLE_OBJC_ARC = YES;
				CLANG_WARN_BLOCK_CAPTURE_AUTORELEASING = YES;
				CLANG_WARN_BOOL_CONVERSION = YES;
				CLANG_WARN_COMMA = YES;
				CLANG_WARN_CONSTANT_CONVERSION = YES;
				CLANG_WARN_DIRECT_OBJC_ISA_USAGE = YES_ERROR;
				CLANG_WARN_DOCUMENTATION_COMMENTS = YES;
				CLANG_WARN_EMPTY_BODY = YES;
				CLANG_WARN_ENUM_CONVERSION = YES;
				CLANG_WARN_INFINITE_RECURSION = YES;
				CLANG_WARN_INT_CONVERSION = YES;
				CLANG_WARN_NON_LITERAL_NULL_CONVERSION = YES;
				CLANG_WARN_OBJC_LITERAL_CONVERSION = YES;
				CLANG_WARN_OBJC_ROOT_CLASS = YES_ERROR;
				CLANG_WARN_RANGE_LOOP_ANALYSIS = YES;
				CLANG_WARN_STRICT_PROTOTYPES = YES;
				CLANG_WARN_SUSPICIOUS_MOVE = YES;
				CLANG_WARN_UNGUARDED_AVAILABILITY = YES_AGGRESSIVE;
				CLANG_WARN_UNREACHABLE_CODE = YES;
				CLANG_WARN__DUPLICATE_METHOD_MATCH = YES;
				CODE_SIGN_IDENTITY = "iPhone Developer";
				COPY_PHASE_STRIP = NO;
				DEBUG_INFORMATION_FORMAT = "dwarf-with-dsym";
				ENABLE_NS_ASSERTIONS = NO;
				ENABLE_STRICT_OBJC_MSGSEND = YES;
				GCC_C_LANGUAGE_STANDARD = gnu11;
				GCC_NO_COMMON_BLOCKS = YES;
				GCC_WARN_64_TO_32_BIT_CONVERSION = YES;
				GCC_WARN_ABOUT_RETURN_TYPE = YES_ERROR;
				GCC_WARN_UNDECLARED_SELECTOR = YES;
				GCC_WARN_UNINITIALIZED_AUTOS = YES_AGGRESSIVE;
				GCC_WARN_UNUSED_FUNCTION = YES;
				GCC_WARN_UNUSED_VARIABLE = YES;
				IPHONEOS_DEPLOYMENT_TARGET = 11.2;
				MTL_ENABLE_DEBUG_INFO = NO;
				SDKROOT = iphoneos;
				SWIFT_OPTIMIZATION_LEVEL = "-Owholemodule";
				VALIDATE_PRODUCT = YES;
			};
			name = Release;
		};
		338D3C7F204260BB00A43EE0 /* Debug */ = {
			isa = XCBuildConfiguration;
			buildSettings = {
				ASSETCATALOG_COMPILER_APPICON_NAME = AppIcon;
				CODE_SIGN_STYLE = Automatic;
				DEVELOPMENT_TEAM = Y2ZU24E3BN;
				INFOPLIST_FILE = AthenaHacks/Info.plist;
				LD_RUNPATH_SEARCH_PATHS = "$(inherited) @executable_path/Frameworks";
				PRODUCT_BUNDLE_IDENTIFIER = Vinnie.AthenaHacks;
				PRODUCT_NAME = "$(TARGET_NAME)";
				SWIFT_VERSION = 4.0;
				TARGETED_DEVICE_FAMILY = "1,2";
			};
			name = Debug;
		};
		338D3C80204260BB00A43EE0 /* Release */ = {
			isa = XCBuildConfiguration;
			buildSettings = {
				ASSETCATALOG_COMPILER_APPICON_NAME = AppIcon;
				CODE_SIGN_STYLE = Automatic;
				DEVELOPMENT_TEAM = Y2ZU24E3BN;
				INFOPLIST_FILE = AthenaHacks/Info.plist;
				LD_RUNPATH_SEARCH_PATHS = "$(inherited) @executable_path/Frameworks";
				PRODUCT_BUNDLE_IDENTIFIER = Vinnie.AthenaHacks;
				PRODUCT_NAME = "$(TARGET_NAME)";
				SWIFT_VERSION = 4.0;
				TARGETED_DEVICE_FAMILY = "1,2";
			};
			name = Release;
		};
		338D3C82204260BB00A43EE0 /* Debug */ = {
			isa = XCBuildConfiguration;
			buildSettings = {
				ALWAYS_EMBED_SWIFT_STANDARD_LIBRARIES = YES;
				BUNDLE_LOADER = "$(TEST_HOST)";
				CODE_SIGN_STYLE = Automatic;
				DEVELOPMENT_TEAM = Y2ZU24E3BN;
				INFOPLIST_FILE = AthenaHacksTests/Info.plist;
				LD_RUNPATH_SEARCH_PATHS = "$(inherited) @executable_path/Frameworks @loader_path/Frameworks";
				PRODUCT_BUNDLE_IDENTIFIER = Vinnie.AthenaHacksTests;
				PRODUCT_NAME = "$(TARGET_NAME)";
				SWIFT_VERSION = 4.0;
				TARGETED_DEVICE_FAMILY = "1,2";
				TEST_HOST = "$(BUILT_PRODUCTS_DIR)/AthenaHacks.app/AthenaHacks";
			};
			name = Debug;
		};
		338D3C83204260BB00A43EE0 /* Release */ = {
			isa = XCBuildConfiguration;
			buildSettings = {
				ALWAYS_EMBED_SWIFT_STANDARD_LIBRARIES = YES;
				BUNDLE_LOADER = "$(TEST_HOST)";
				CODE_SIGN_STYLE = Automatic;
				DEVELOPMENT_TEAM = Y2ZU24E3BN;
				INFOPLIST_FILE = AthenaHacksTests/Info.plist;
				LD_RUNPATH_SEARCH_PATHS = "$(inherited) @executable_path/Frameworks @loader_path/Frameworks";
				PRODUCT_BUNDLE_IDENTIFIER = Vinnie.AthenaHacksTests;
				PRODUCT_NAME = "$(TARGET_NAME)";
				SWIFT_VERSION = 4.0;
				TARGETED_DEVICE_FAMILY = "1,2";
				TEST_HOST = "$(BUILT_PRODUCTS_DIR)/AthenaHacks.app/AthenaHacks";
			};
			name = Release;
		};
		338D3C85204260BB00A43EE0 /* Debug */ = {
			isa = XCBuildConfiguration;
			buildSettings = {
				ALWAYS_EMBED_SWIFT_STANDARD_LIBRARIES = YES;
				CODE_SIGN_STYLE = Automatic;
				DEVELOPMENT_TEAM = Y2ZU24E3BN;
				INFOPLIST_FILE = AthenaHacksUITests/Info.plist;
				LD_RUNPATH_SEARCH_PATHS = "$(inherited) @executable_path/Frameworks @loader_path/Frameworks";
				PRODUCT_BUNDLE_IDENTIFIER = Vinnie.AthenaHacksUITests;
				PRODUCT_NAME = "$(TARGET_NAME)";
				SWIFT_VERSION = 4.0;
				TARGETED_DEVICE_FAMILY = "1,2";
				TEST_TARGET_NAME = AthenaHacks;
			};
			name = Debug;
		};
		338D3C86204260BB00A43EE0 /* Release */ = {
			isa = XCBuildConfiguration;
			buildSettings = {
				ALWAYS_EMBED_SWIFT_STANDARD_LIBRARIES = YES;
				CODE_SIGN_STYLE = Automatic;
				DEVELOPMENT_TEAM = Y2ZU24E3BN;
				INFOPLIST_FILE = AthenaHacksUITests/Info.plist;
				LD_RUNPATH_SEARCH_PATHS = "$(inherited) @executable_path/Frameworks @loader_path/Frameworks";
				PRODUCT_BUNDLE_IDENTIFIER = Vinnie.AthenaHacksUITests;
				PRODUCT_NAME = "$(TARGET_NAME)";
				SWIFT_VERSION = 4.0;
				TARGETED_DEVICE_FAMILY = "1,2";
				TEST_TARGET_NAME = AthenaHacks;
			};
			name = Release;
		};
/* End XCBuildConfiguration section */

/* Begin XCConfigurationList section */
		338D3C51204260BA00A43EE0 /* Build configuration list for PBXProject "AthenaHacks" */ = {
			isa = XCConfigurationList;
			buildConfigurations = (
				338D3C7C204260BB00A43EE0 /* Debug */,
				338D3C7D204260BB00A43EE0 /* Release */,
			);
			defaultConfigurationIsVisible = 0;
			defaultConfigurationName = Release;
		};
		338D3C7E204260BB00A43EE0 /* Build configuration list for PBXNativeTarget "AthenaHacks" */ = {
			isa = XCConfigurationList;
			buildConfigurations = (
				338D3C7F204260BB00A43EE0 /* Debug */,
				338D3C80204260BB00A43EE0 /* Release */,
			);
			defaultConfigurationIsVisible = 0;
			defaultConfigurationName = Release;
		};
		338D3C81204260BB00A43EE0 /* Build configuration list for PBXNativeTarget "AthenaHacksTests" */ = {
			isa = XCConfigurationList;
			buildConfigurations = (
				338D3C82204260BB00A43EE0 /* Debug */,
				338D3C83204260BB00A43EE0 /* Release */,
			);
			defaultConfigurationIsVisible = 0;
			defaultConfigurationName = Release;
		};
		338D3C84204260BB00A43EE0 /* Build configuration list for PBXNativeTarget "AthenaHacksUITests" */ = {
			isa = XCConfigurationList;
			buildConfigurations = (
				338D3C85204260BB00A43EE0 /* Debug */,
				338D3C86204260BB00A43EE0 /* Release */,
			);
			defaultConfigurationIsVisible = 0;
			defaultConfigurationName = Release;
		};
/* End XCConfigurationList section */
	};
	rootObject = 338D3C4E204260BA00A43EE0 /* Project object */;
}
